// !$*UTF8*$!
{
	archiveVersion = 1;
	classes = {
	};
	objectVersion = 56;
	objects = {

/* Begin PBXBuildFile section */
		5B391D0B2ADABBE3007C5BE1 /* RestaurantCellView.swift in Sources */ = {isa = PBXBuildFile; fileRef = 5B391D0A2ADABBE3007C5BE1 /* RestaurantCellView.swift */; };
		5B391D0D2ADBA359007C5BE1 /* RestaurantDetailView.swift in Sources */ = {isa = PBXBuildFile; fileRef = 5B391D0C2ADBA359007C5BE1 /* RestaurantDetailView.swift */; };
		5B391D0F2ADBB576007C5BE1 /* hp_api_sample.json in Resources */ = {isa = PBXBuildFile; fileRef = 5B391D0E2ADBB576007C5BE1 /* hp_api_sample.json */; };
		5B391D112ADBB607007C5BE1 /* Restaurant+SampleData.swift in Sources */ = {isa = PBXBuildFile; fileRef = 5B391D102ADBB607007C5BE1 /* Restaurant+SampleData.swift */; };
		5B3C20CA2ACAFD220001096E /* RestaurantSearchApp.swift in Sources */ = {isa = PBXBuildFile; fileRef = 5B3C20C92ACAFD220001096E /* RestaurantSearchApp.swift */; };
		5B3C20CC2ACAFD220001096E /* RestaurantSearchView.swift in Sources */ = {isa = PBXBuildFile; fileRef = 5B3C20CB2ACAFD220001096E /* RestaurantSearchView.swift */; };
		5B3C20CE2ACAFD250001096E /* Assets.xcassets in Resources */ = {isa = PBXBuildFile; fileRef = 5B3C20CD2ACAFD250001096E /* Assets.xcassets */; };
		5B3C20D12ACAFD250001096E /* Preview Assets.xcassets in Resources */ = {isa = PBXBuildFile; fileRef = 5B3C20D02ACAFD250001096E /* Preview Assets.xcassets */; };
		5B3C20DB2ACAFD250001096E /* RestaurantSearchTests.swift in Sources */ = {isa = PBXBuildFile; fileRef = 5B3C20DA2ACAFD250001096E /* RestaurantSearchTests.swift */; };
		5B3C20E52ACAFD250001096E /* RestaurantSearchUITests.swift in Sources */ = {isa = PBXBuildFile; fileRef = 5B3C20E42ACAFD250001096E /* RestaurantSearchUITests.swift */; };
		5B3C20E72ACAFD250001096E /* RestaurantSearchUITestsLaunchTests.swift in Sources */ = {isa = PBXBuildFile; fileRef = 5B3C20E62ACAFD250001096E /* RestaurantSearchUITestsLaunchTests.swift */; };
		5B3C20F72ACAFE4D0001096E /* Restaurant.swift in Sources */ = {isa = PBXBuildFile; fileRef = 5B3C20F62ACAFE4D0001096E /* Restaurant.swift */; };
		5B3C20FB2ACB01140001096E /* APIClient.swift in Sources */ = {isa = PBXBuildFile; fileRef = 5B3C20FA2ACB01140001096E /* APIClient.swift */; };
		5B3C20FE2ACB03A80001096E /* RestaurantRepositoryDefault.swift in Sources */ = {isa = PBXBuildFile; fileRef = 5B3C20FD2ACB03A80001096E /* RestaurantRepositoryDefault.swift */; };
		5B3C21042ACB8B940001096E /* HttpError.swift in Sources */ = {isa = PBXBuildFile; fileRef = 5B3C21032ACB8B940001096E /* HttpError.swift */; };
		5B3C21062ACB8C9A0001096E /* HpGourmetSearchAPIResult.swift in Sources */ = {isa = PBXBuildFile; fileRef = 5B3C21052ACB8C9A0001096E /* HpGourmetSearchAPIResult.swift */; };
		5B3D90202B4BAC5F00EADA02 /* Development.xcconfig in Resources */ = {isa = PBXBuildFile; fileRef = 5B3D901F2B4BAC5F00EADA02 /* Development.xcconfig */; };
		5B4E59862B49467800BEE22E /* RestaurantRepositoryDefault.swift in Sources */ = {isa = PBXBuildFile; fileRef = 5B3C20FD2ACB03A80001096E /* RestaurantRepositoryDefault.swift */; };
		5B4E59872B49468300BEE22E /* RestaurantSearchResultView.swift in Sources */ = {isa = PBXBuildFile; fileRef = 5BFF3AB22AE5E1260043FDA7 /* RestaurantSearchResultView.swift */; };
		5B4E59882B49473400BEE22E /* MockedRestaurantRepository.swift in Sources */ = {isa = PBXBuildFile; fileRef = 5B9C5F692AE9FB86001BCD07 /* MockedRestaurantRepository.swift */; };
		5B4E59892B49487900BEE22E /* RestaurantSearchApp.swift in Sources */ = {isa = PBXBuildFile; fileRef = 5B3C20C92ACAFD220001096E /* RestaurantSearchApp.swift */; };
		5B4E598A2B49487D00BEE22E /* RestaurantSearchView.swift in Sources */ = {isa = PBXBuildFile; fileRef = 5B3C20CB2ACAFD220001096E /* RestaurantSearchView.swift */; };
		5B4E598B2B49488100BEE22E /* Constants.swift in Sources */ = {isa = PBXBuildFile; fileRef = 5BD6C4772ACBAA4300EED2E6 /* Constants.swift */; };
		5B4E598C2B49488500BEE22E /* RestaurantListView.swift in Sources */ = {isa = PBXBuildFile; fileRef = 5BFF8EAD2AD4E71B007FCD67 /* RestaurantListView.swift */; };
		5B4E598D2B49489900BEE22E /* Restaurant.swift in Sources */ = {isa = PBXBuildFile; fileRef = 5B3C20F62ACAFE4D0001096E /* Restaurant.swift */; };
		5B4E598E2B4948B800BEE22E /* Restaurant+SampleData.swift in Sources */ = {isa = PBXBuildFile; fileRef = 5B391D102ADBB607007C5BE1 /* Restaurant+SampleData.swift */; };
		5B4E598F2B4948F500BEE22E /* HpGourmetSearchAPIResponse.swift in Sources */ = {isa = PBXBuildFile; fileRef = 5BD6C4752ACB975E00EED2E6 /* HpGourmetSearchAPIResponse.swift */; };
		5B4E59902B4948F800BEE22E /* HpGourmetSearchAPIResult.swift in Sources */ = {isa = PBXBuildFile; fileRef = 5B3C21052ACB8C9A0001096E /* HpGourmetSearchAPIResult.swift */; };
		5B4E59912B49491B00BEE22E /* RestaurantCellView.swift in Sources */ = {isa = PBXBuildFile; fileRef = 5B391D0A2ADABBE3007C5BE1 /* RestaurantCellView.swift */; };
		5B4E59922B49491E00BEE22E /* RestaurantDetailView.swift in Sources */ = {isa = PBXBuildFile; fileRef = 5B391D0C2ADBA359007C5BE1 /* RestaurantDetailView.swift */; };
		5B4E59932B49492100BEE22E /* RestaurantMapView.swift in Sources */ = {isa = PBXBuildFile; fileRef = 5BFF3AB02AE55D6A0043FDA7 /* RestaurantMapView.swift */; };
		5B4E59942B49493100BEE22E /* HttpError.swift in Sources */ = {isa = PBXBuildFile; fileRef = 5B3C21032ACB8B940001096E /* HttpError.swift */; };
		5B4E59952B49493600BEE22E /* APIClient.swift in Sources */ = {isa = PBXBuildFile; fileRef = 5B3C20FA2ACB01140001096E /* APIClient.swift */; };
		5B4E59962B4952F900BEE22E /* hp_api_sample.json in Resources */ = {isa = PBXBuildFile; fileRef = 5B391D0E2ADBB576007C5BE1 /* hp_api_sample.json */; };
		5B4E59972B49530100BEE22E /* Preview Assets.xcassets in Resources */ = {isa = PBXBuildFile; fileRef = 5B3C20D02ACAFD250001096E /* Preview Assets.xcassets */; };
		5B4E59992B49823800BEE22E /* RestaurantSearchViewTests.swift in Sources */ = {isa = PBXBuildFile; fileRef = 5B4E59982B49823800BEE22E /* RestaurantSearchViewTests.swift */; };
		5B4E599C2B4986A500BEE22E /* RestaurantSearchResultViewModel.swift in Sources */ = {isa = PBXBuildFile; fileRef = 5B4E599B2B4986A500BEE22E /* RestaurantSearchResultViewModel.swift */; };
		5B4E599D2B4986A500BEE22E /* RestaurantSearchResultViewModel.swift in Sources */ = {isa = PBXBuildFile; fileRef = 5B4E599B2B4986A500BEE22E /* RestaurantSearchResultViewModel.swift */; };
		5B4E599F2B49875C00BEE22E /* RestaurantSearchViewModel.swift in Sources */ = {isa = PBXBuildFile; fileRef = 5B4E599E2B49875C00BEE22E /* RestaurantSearchViewModel.swift */; };
		5B4E59A02B49875C00BEE22E /* RestaurantSearchViewModel.swift in Sources */ = {isa = PBXBuildFile; fileRef = 5B4E599E2B49875C00BEE22E /* RestaurantSearchViewModel.swift */; };
		5B9C5F6A2AE9FB86001BCD07 /* MockedRestaurantRepository.swift in Sources */ = {isa = PBXBuildFile; fileRef = 5B9C5F692AE9FB86001BCD07 /* MockedRestaurantRepository.swift */; };
		5BD6C4762ACB975E00EED2E6 /* HpGourmetSearchAPIResponse.swift in Sources */ = {isa = PBXBuildFile; fileRef = 5BD6C4752ACB975E00EED2E6 /* HpGourmetSearchAPIResponse.swift */; };
		5BD6C4782ACBAA4300EED2E6 /* Constants.swift in Sources */ = {isa = PBXBuildFile; fileRef = 5BD6C4772ACBAA4300EED2E6 /* Constants.swift */; };
		5BD70F5B2B4AC04C00E4532D /* RestaurantSearchResultViewTest.swift in Sources */ = {isa = PBXBuildFile; fileRef = 5BD70F5A2B4AC04C00E4532D /* RestaurantSearchResultViewTest.swift */; };
		5BFF3AB12AE55D6A0043FDA7 /* RestaurantMapView.swift in Sources */ = {isa = PBXBuildFile; fileRef = 5BFF3AB02AE55D6A0043FDA7 /* RestaurantMapView.swift */; };
		5BFF3AB32AE5E1260043FDA7 /* RestaurantSearchResultView.swift in Sources */ = {isa = PBXBuildFile; fileRef = 5BFF3AB22AE5E1260043FDA7 /* RestaurantSearchResultView.swift */; };
		5BFF8EAE2AD4E71B007FCD67 /* RestaurantListView.swift in Sources */ = {isa = PBXBuildFile; fileRef = 5BFF8EAD2AD4E71B007FCD67 /* RestaurantListView.swift */; };
/* End PBXBuildFile section */

/* Begin PBXContainerItemProxy section */
		5B3C20D72ACAFD250001096E /* PBXContainerItemProxy */ = {
			isa = PBXContainerItemProxy;
			containerPortal = 5B3C20BE2ACAFD220001096E /* Project object */;
			proxyType = 1;
			remoteGlobalIDString = 5B3C20C52ACAFD220001096E;
			remoteInfo = RestaurantSearch;
		};
		5B3C20E12ACAFD250001096E /* PBXContainerItemProxy */ = {
			isa = PBXContainerItemProxy;
			containerPortal = 5B3C20BE2ACAFD220001096E /* Project object */;
			proxyType = 1;
			remoteGlobalIDString = 5B3C20C52ACAFD220001096E;
			remoteInfo = RestaurantSearch;
		};
/* End PBXContainerItemProxy section */

/* Begin PBXFileReference section */
		5B391D0A2ADABBE3007C5BE1 /* RestaurantCellView.swift */ = {isa = PBXFileReference; lastKnownFileType = sourcecode.swift; path = RestaurantCellView.swift; sourceTree = "<group>"; };
		5B391D0C2ADBA359007C5BE1 /* RestaurantDetailView.swift */ = {isa = PBXFileReference; lastKnownFileType = sourcecode.swift; path = RestaurantDetailView.swift; sourceTree = "<group>"; };
		5B391D0E2ADBB576007C5BE1 /* hp_api_sample.json */ = {isa = PBXFileReference; lastKnownFileType = text.json; path = hp_api_sample.json; sourceTree = "<group>"; };
		5B391D102ADBB607007C5BE1 /* Restaurant+SampleData.swift */ = {isa = PBXFileReference; lastKnownFileType = sourcecode.swift; path = "Restaurant+SampleData.swift"; sourceTree = "<group>"; };
		5B3C20C62ACAFD220001096E /* RestaurantSearch.app */ = {isa = PBXFileReference; explicitFileType = wrapper.application; includeInIndex = 0; path = RestaurantSearch.app; sourceTree = BUILT_PRODUCTS_DIR; };
		5B3C20C92ACAFD220001096E /* RestaurantSearchApp.swift */ = {isa = PBXFileReference; lastKnownFileType = sourcecode.swift; path = RestaurantSearchApp.swift; sourceTree = "<group>"; };
		5B3C20CB2ACAFD220001096E /* RestaurantSearchView.swift */ = {isa = PBXFileReference; lastKnownFileType = sourcecode.swift; path = RestaurantSearchView.swift; sourceTree = "<group>"; };
		5B3C20CD2ACAFD250001096E /* Assets.xcassets */ = {isa = PBXFileReference; lastKnownFileType = folder.assetcatalog; path = Assets.xcassets; sourceTree = "<group>"; };
		5B3C20D02ACAFD250001096E /* Preview Assets.xcassets */ = {isa = PBXFileReference; lastKnownFileType = folder.assetcatalog; path = "Preview Assets.xcassets"; sourceTree = "<group>"; };
		5B3C20D62ACAFD250001096E /* RestaurantSearchTests.xctest */ = {isa = PBXFileReference; explicitFileType = wrapper.cfbundle; includeInIndex = 0; path = RestaurantSearchTests.xctest; sourceTree = BUILT_PRODUCTS_DIR; };
		5B3C20DA2ACAFD250001096E /* RestaurantSearchTests.swift */ = {isa = PBXFileReference; lastKnownFileType = sourcecode.swift; path = RestaurantSearchTests.swift; sourceTree = "<group>"; };
		5B3C20E02ACAFD250001096E /* RestaurantSearchUITests.xctest */ = {isa = PBXFileReference; explicitFileType = wrapper.cfbundle; includeInIndex = 0; path = RestaurantSearchUITests.xctest; sourceTree = BUILT_PRODUCTS_DIR; };
		5B3C20E42ACAFD250001096E /* RestaurantSearchUITests.swift */ = {isa = PBXFileReference; lastKnownFileType = sourcecode.swift; path = RestaurantSearchUITests.swift; sourceTree = "<group>"; };
		5B3C20E62ACAFD250001096E /* RestaurantSearchUITestsLaunchTests.swift */ = {isa = PBXFileReference; lastKnownFileType = sourcecode.swift; path = RestaurantSearchUITestsLaunchTests.swift; sourceTree = "<group>"; };
		5B3C20F62ACAFE4D0001096E /* Restaurant.swift */ = {isa = PBXFileReference; lastKnownFileType = sourcecode.swift; path = Restaurant.swift; sourceTree = "<group>"; };
		5B3C20FA2ACB01140001096E /* APIClient.swift */ = {isa = PBXFileReference; lastKnownFileType = sourcecode.swift; path = APIClient.swift; sourceTree = "<group>"; };
		5B3C20FD2ACB03A80001096E /* RestaurantRepositoryDefault.swift */ = {isa = PBXFileReference; lastKnownFileType = sourcecode.swift; path = RestaurantRepositoryDefault.swift; sourceTree = "<group>"; };
		5B3C21032ACB8B940001096E /* HttpError.swift */ = {isa = PBXFileReference; lastKnownFileType = sourcecode.swift; path = HttpError.swift; sourceTree = "<group>"; };
		5B3C21052ACB8C9A0001096E /* HpGourmetSearchAPIResult.swift */ = {isa = PBXFileReference; lastKnownFileType = sourcecode.swift; path = HpGourmetSearchAPIResult.swift; sourceTree = "<group>"; };
		5B3D901C2B4AE09600EADA02 /* Info.plist */ = {isa = PBXFileReference; lastKnownFileType = text.plist; path = Info.plist; sourceTree = "<group>"; };
		5B3D901F2B4BAC5F00EADA02 /* Development.xcconfig */ = {isa = PBXFileReference; fileEncoding = 4; lastKnownFileType = text.xcconfig; path = Development.xcconfig; sourceTree = "<group>"; };
		5B4E59982B49823800BEE22E /* RestaurantSearchViewTests.swift */ = {isa = PBXFileReference; lastKnownFileType = sourcecode.swift; path = RestaurantSearchViewTests.swift; sourceTree = "<group>"; };
		5B4E599B2B4986A500BEE22E /* RestaurantSearchResultViewModel.swift */ = {isa = PBXFileReference; lastKnownFileType = sourcecode.swift; path = RestaurantSearchResultViewModel.swift; sourceTree = "<group>"; };
		5B4E599E2B49875C00BEE22E /* RestaurantSearchViewModel.swift */ = {isa = PBXFileReference; lastKnownFileType = sourcecode.swift; path = RestaurantSearchViewModel.swift; sourceTree = "<group>"; };
		5B9C5F692AE9FB86001BCD07 /* MockedRestaurantRepository.swift */ = {isa = PBXFileReference; lastKnownFileType = sourcecode.swift; path = MockedRestaurantRepository.swift; sourceTree = "<group>"; };
		5BD6C4752ACB975E00EED2E6 /* HpGourmetSearchAPIResponse.swift */ = {isa = PBXFileReference; lastKnownFileType = sourcecode.swift; path = HpGourmetSearchAPIResponse.swift; sourceTree = "<group>"; };
		5BD6C4772ACBAA4300EED2E6 /* Constants.swift */ = {isa = PBXFileReference; lastKnownFileType = sourcecode.swift; path = Constants.swift; sourceTree = "<group>"; };
		5BD70F5A2B4AC04C00E4532D /* RestaurantSearchResultViewTest.swift */ = {isa = PBXFileReference; lastKnownFileType = sourcecode.swift; path = RestaurantSearchResultViewTest.swift; sourceTree = "<group>"; };
		5BFF3AB02AE55D6A0043FDA7 /* RestaurantMapView.swift */ = {isa = PBXFileReference; lastKnownFileType = sourcecode.swift; path = RestaurantMapView.swift; sourceTree = "<group>"; };
		5BFF3AB22AE5E1260043FDA7 /* RestaurantSearchResultView.swift */ = {isa = PBXFileReference; lastKnownFileType = sourcecode.swift; path = RestaurantSearchResultView.swift; sourceTree = "<group>"; };
		5BFF8EAD2AD4E71B007FCD67 /* RestaurantListView.swift */ = {isa = PBXFileReference; lastKnownFileType = sourcecode.swift; path = RestaurantListView.swift; sourceTree = "<group>"; };
/* End PBXFileReference section */

/* Begin PBXFrameworksBuildPhase section */
		5B3C20C32ACAFD220001096E /* Frameworks */ = {
			isa = PBXFrameworksBuildPhase;
			buildActionMask = 2147483647;
			files = (
			);
			runOnlyForDeploymentPostprocessing = 0;
		};
		5B3C20D32ACAFD250001096E /* Frameworks */ = {
			isa = PBXFrameworksBuildPhase;
			buildActionMask = 2147483647;
			files = (
			);
			runOnlyForDeploymentPostprocessing = 0;
		};
		5B3C20DD2ACAFD250001096E /* Frameworks */ = {
			isa = PBXFrameworksBuildPhase;
			buildActionMask = 2147483647;
			files = (
			);
			runOnlyForDeploymentPostprocessing = 0;
		};
/* End PBXFrameworksBuildPhase section */

/* Begin PBXGroup section */
		5B3C20BD2ACAFD220001096E = {
			isa = PBXGroup;
			children = (
				5B3C20C82ACAFD220001096E /* RestaurantSearch */,
				5B3C20D92ACAFD250001096E /* RestaurantSearchTests */,
				5B3C20E32ACAFD250001096E /* RestaurantSearchUITests */,
				5B3C20C72ACAFD220001096E /* Products */,
			);
			sourceTree = "<group>";
		};
		5B3C20C72ACAFD220001096E /* Products */ = {
			isa = PBXGroup;
			children = (
				5B3C20C62ACAFD220001096E /* RestaurantSearch.app */,
				5B3C20D62ACAFD250001096E /* RestaurantSearchTests.xctest */,
				5B3C20E02ACAFD250001096E /* RestaurantSearchUITests.xctest */,
			);
			name = Products;
			sourceTree = "<group>";
		};
		5B3C20C82ACAFD220001096E /* RestaurantSearch */ = {
			isa = PBXGroup;
			children = (
				5B3D901C2B4AE09600EADA02 /* Info.plist */,
				5B3C20C92ACAFD220001096E /* RestaurantSearchApp.swift */,
				5BD6C4772ACBAA4300EED2E6 /* Constants.swift */,
				5B3C20CD2ACAFD250001096E /* Assets.xcassets */,
				5BFF8EAC2AD4E68C007FCD67 /* ui */,
				5B3C20F52ACAFE360001096E /* data */,
				5B3C20F92ACB00C80001096E /* utility */,
				5B3C20CF2ACAFD250001096E /* Preview Content */,
				5B3D901A2B4AD45B00EADA02 /* Config */,
			);
			path = RestaurantSearch;
			sourceTree = "<group>";
		};
		5B3C20CF2ACAFD250001096E /* Preview Content */ = {
			isa = PBXGroup;
			children = (
				5B9C5F682AE9FB4F001BCD07 /* mock */,
				5B3C20D02ACAFD250001096E /* Preview Assets.xcassets */,
				5B391D0E2ADBB576007C5BE1 /* hp_api_sample.json */,
				5B391D102ADBB607007C5BE1 /* Restaurant+SampleData.swift */,
			);
			path = "Preview Content";
			sourceTree = "<group>";
		};
		5B3C20D92ACAFD250001096E /* RestaurantSearchTests */ = {
			isa = PBXGroup;
			children = (
				5B3C20DA2ACAFD250001096E /* RestaurantSearchTests.swift */,
				5BD70F5A2B4AC04C00E4532D /* RestaurantSearchResultViewTest.swift */,
				5B4E59982B49823800BEE22E /* RestaurantSearchViewTests.swift */,
			);
			path = RestaurantSearchTests;
			sourceTree = "<group>";
		};
		5B3C20E32ACAFD250001096E /* RestaurantSearchUITests */ = {
			isa = PBXGroup;
			children = (
				5B3C20E42ACAFD250001096E /* RestaurantSearchUITests.swift */,
				5B3C20E62ACAFD250001096E /* RestaurantSearchUITestsLaunchTests.swift */,
			);
			path = RestaurantSearchUITests;
			sourceTree = "<group>";
		};
		5B3C20F52ACAFE360001096E /* data */ = {
			isa = PBXGroup;
			children = (
				5B3C20FC2ACB03880001096E /* repository */,
				5B3C20F82ACB00A90001096E /* model */,
			);
			path = data;
			sourceTree = "<group>";
		};
		5B3C20F82ACB00A90001096E /* model */ = {
			isa = PBXGroup;
			children = (
				5B3C20F62ACAFE4D0001096E /* Restaurant.swift */,
				5B3C21052ACB8C9A0001096E /* HpGourmetSearchAPIResult.swift */,
				5BD6C4752ACB975E00EED2E6 /* HpGourmetSearchAPIResponse.swift */,
				5B3C20FF2ACB8B0C0001096E /* error */,
			);
			path = model;
			sourceTree = "<group>";
		};
		5B3C20F92ACB00C80001096E /* utility */ = {
			isa = PBXGroup;
			children = (
				5B3C20FA2ACB01140001096E /* APIClient.swift */,
			);
			path = utility;
			sourceTree = "<group>";
		};
		5B3C20FC2ACB03880001096E /* repository */ = {
			isa = PBXGroup;
			children = (
				5B3C20FD2ACB03A80001096E /* RestaurantRepositoryDefault.swift */,
			);
			path = repository;
			sourceTree = "<group>";
		};
		5B3C20FF2ACB8B0C0001096E /* error */ = {
			isa = PBXGroup;
			children = (
				5B3C21032ACB8B940001096E /* HttpError.swift */,
			);
			path = error;
			sourceTree = "<group>";
		};
		5B3D901A2B4AD45B00EADA02 /* Config */ = {
			isa = PBXGroup;
			children = (
				5B3D901F2B4BAC5F00EADA02 /* Development.xcconfig */,
			);
			path = Config;
			sourceTree = "<group>";
		};
		5B4E599A2B49864100BEE22E /* ViewModel */ = {
			isa = PBXGroup;
			children = (
				5B4E599E2B49875C00BEE22E /* RestaurantSearchViewModel.swift */,
				5B4E599B2B4986A500BEE22E /* RestaurantSearchResultViewModel.swift */,
			);
			path = ViewModel;
			sourceTree = "<group>";
		};
		5B9C5F682AE9FB4F001BCD07 /* mock */ = {
			isa = PBXGroup;
			children = (
				5B9C5F692AE9FB86001BCD07 /* MockedRestaurantRepository.swift */,
			);
			path = mock;
			sourceTree = "<group>";
		};
		5BFF8EAC2AD4E68C007FCD67 /* ui */ = {
			isa = PBXGroup;
			children = (
				5B4E599A2B49864100BEE22E /* ViewModel */,
				5B3C20CB2ACAFD220001096E /* RestaurantSearchView.swift */,
				5BFF8EAD2AD4E71B007FCD67 /* RestaurantListView.swift */,
				5B391D0A2ADABBE3007C5BE1 /* RestaurantCellView.swift */,
				5B391D0C2ADBA359007C5BE1 /* RestaurantDetailView.swift */,
				5BFF3AB02AE55D6A0043FDA7 /* RestaurantMapView.swift */,
				5BFF3AB22AE5E1260043FDA7 /* RestaurantSearchResultView.swift */,
			);
			path = ui;
			sourceTree = "<group>";
		};
/* End PBXGroup section */

/* Begin PBXNativeTarget section */
		5B3C20C52ACAFD220001096E /* RestaurantSearch */ = {
			isa = PBXNativeTarget;
			buildConfigurationList = 5B3C20EA2ACAFD250001096E /* Build configuration list for PBXNativeTarget "RestaurantSearch" */;
			buildPhases = (
				5B3C20C22ACAFD220001096E /* Sources */,
				5B3C20C32ACAFD220001096E /* Frameworks */,
				5B3C20C42ACAFD220001096E /* Resources */,
			);
			buildRules = (
			);
			dependencies = (
			);
			name = RestaurantSearch;
			productName = RestaurantSearch;
			productReference = 5B3C20C62ACAFD220001096E /* RestaurantSearch.app */;
			productType = "com.apple.product-type.application";
		};
		5B3C20D52ACAFD250001096E /* RestaurantSearchTests */ = {
			isa = PBXNativeTarget;
			buildConfigurationList = 5B3C20ED2ACAFD250001096E /* Build configuration list for PBXNativeTarget "RestaurantSearchTests" */;
			buildPhases = (
				5B3C20D22ACAFD250001096E /* Sources */,
				5B3C20D32ACAFD250001096E /* Frameworks */,
				5B3C20D42ACAFD250001096E /* Resources */,
			);
			buildRules = (
			);
			dependencies = (
				5B3C20D82ACAFD250001096E /* PBXTargetDependency */,
			);
			name = RestaurantSearchTests;
			productName = RestaurantSearchTests;
			productReference = 5B3C20D62ACAFD250001096E /* RestaurantSearchTests.xctest */;
			productType = "com.apple.product-type.bundle.unit-test";
		};
		5B3C20DF2ACAFD250001096E /* RestaurantSearchUITests */ = {
			isa = PBXNativeTarget;
			buildConfigurationList = 5B3C20F02ACAFD250001096E /* Build configuration list for PBXNativeTarget "RestaurantSearchUITests" */;
			buildPhases = (
				5B3C20DC2ACAFD250001096E /* Sources */,
				5B3C20DD2ACAFD250001096E /* Frameworks */,
				5B3C20DE2ACAFD250001096E /* Resources */,
			);
			buildRules = (
			);
			dependencies = (
				5B3C20E22ACAFD250001096E /* PBXTargetDependency */,
			);
			name = RestaurantSearchUITests;
			productName = RestaurantSearchUITests;
			productReference = 5B3C20E02ACAFD250001096E /* RestaurantSearchUITests.xctest */;
			productType = "com.apple.product-type.bundle.ui-testing";
		};
/* End PBXNativeTarget section */

/* Begin PBXProject section */
		5B3C20BE2ACAFD220001096E /* Project object */ = {
			isa = PBXProject;
			attributes = {
				BuildIndependentTargetsInParallel = 1;
				LastSwiftUpdateCheck = 1500;
				LastUpgradeCheck = 1500;
				TargetAttributes = {
					5B3C20C52ACAFD220001096E = {
						CreatedOnToolsVersion = 15.0;
					};
					5B3C20D52ACAFD250001096E = {
						CreatedOnToolsVersion = 15.0;
						TestTargetID = 5B3C20C52ACAFD220001096E;
					};
					5B3C20DF2ACAFD250001096E = {
						CreatedOnToolsVersion = 15.0;
						TestTargetID = 5B3C20C52ACAFD220001096E;
					};
				};
			};
			buildConfigurationList = 5B3C20C12ACAFD220001096E /* Build configuration list for PBXProject "RestaurantSearch" */;
			compatibilityVersion = "Xcode 14.0";
			developmentRegion = en;
			hasScannedForEncodings = 0;
			knownRegions = (
				en,
				Base,
			);
			mainGroup = 5B3C20BD2ACAFD220001096E;
			productRefGroup = 5B3C20C72ACAFD220001096E /* Products */;
			projectDirPath = "";
			projectRoot = "";
			targets = (
				5B3C20C52ACAFD220001096E /* RestaurantSearch */,
				5B3C20D52ACAFD250001096E /* RestaurantSearchTests */,
				5B3C20DF2ACAFD250001096E /* RestaurantSearchUITests */,
			);
		};
/* End PBXProject section */

/* Begin PBXResourcesBuildPhase section */
		5B3C20C42ACAFD220001096E /* Resources */ = {
			isa = PBXResourcesBuildPhase;
			buildActionMask = 2147483647;
			files = (
				5B3C20D12ACAFD250001096E /* Preview Assets.xcassets in Resources */,
				5B391D0F2ADBB576007C5BE1 /* hp_api_sample.json in Resources */,
				5B3D90202B4BAC5F00EADA02 /* Development.xcconfig in Resources */,
				5B3C20CE2ACAFD250001096E /* Assets.xcassets in Resources */,
			);
			runOnlyForDeploymentPostprocessing = 0;
		};
		5B3C20D42ACAFD250001096E /* Resources */ = {
			isa = PBXResourcesBuildPhase;
			buildActionMask = 2147483647;
			files = (
				5B4E59972B49530100BEE22E /* Preview Assets.xcassets in Resources */,
				5B4E59962B4952F900BEE22E /* hp_api_sample.json in Resources */,
			);
			runOnlyForDeploymentPostprocessing = 0;
		};
		5B3C20DE2ACAFD250001096E /* Resources */ = {
			isa = PBXResourcesBuildPhase;
			buildActionMask = 2147483647;
			files = (
			);
			runOnlyForDeploymentPostprocessing = 0;
		};
/* End PBXResourcesBuildPhase section */

/* Begin PBXSourcesBuildPhase section */
		5B3C20C22ACAFD220001096E /* Sources */ = {
			isa = PBXSourcesBuildPhase;
			buildActionMask = 2147483647;
			files = (
				5BFF3AB12AE55D6A0043FDA7 /* RestaurantMapView.swift in Sources */,
				5B3C20CC2ACAFD220001096E /* RestaurantSearchView.swift in Sources */,
				5B391D112ADBB607007C5BE1 /* Restaurant+SampleData.swift in Sources */,
				5B3C20CA2ACAFD220001096E /* RestaurantSearchApp.swift in Sources */,
				5BD6C4762ACB975E00EED2E6 /* HpGourmetSearchAPIResponse.swift in Sources */,
				5BFF8EAE2AD4E71B007FCD67 /* RestaurantListView.swift in Sources */,
				5BFF3AB32AE5E1260043FDA7 /* RestaurantSearchResultView.swift in Sources */,
				5B3C20FE2ACB03A80001096E /* RestaurantRepositoryDefault.swift in Sources */,
				5B3C20F72ACAFE4D0001096E /* Restaurant.swift in Sources */,
				5B4E599F2B49875C00BEE22E /* RestaurantSearchViewModel.swift in Sources */,
				5B3C21062ACB8C9A0001096E /* HpGourmetSearchAPIResult.swift in Sources */,
				5B391D0B2ADABBE3007C5BE1 /* RestaurantCellView.swift in Sources */,
				5B4E599C2B4986A500BEE22E /* RestaurantSearchResultViewModel.swift in Sources */,
				5B391D0D2ADBA359007C5BE1 /* RestaurantDetailView.swift in Sources */,
				5B3C21042ACB8B940001096E /* HttpError.swift in Sources */,
				5B3C20FB2ACB01140001096E /* APIClient.swift in Sources */,
				5B9C5F6A2AE9FB86001BCD07 /* MockedRestaurantRepository.swift in Sources */,
				5BD6C4782ACBAA4300EED2E6 /* Constants.swift in Sources */,
			);
			runOnlyForDeploymentPostprocessing = 0;
		};
		5B3C20D22ACAFD250001096E /* Sources */ = {
			isa = PBXSourcesBuildPhase;
			buildActionMask = 2147483647;
			files = (
				5B4E59872B49468300BEE22E /* RestaurantSearchResultView.swift in Sources */,
				5B4E59952B49493600BEE22E /* APIClient.swift in Sources */,
				5B4E59862B49467800BEE22E /* RestaurantRepositoryDefault.swift in Sources */,
				5B4E598A2B49487D00BEE22E /* RestaurantSearchView.swift in Sources */,
				5BD70F5B2B4AC04C00E4532D /* RestaurantSearchResultViewTest.swift in Sources */,
				5B4E59912B49491B00BEE22E /* RestaurantCellView.swift in Sources */,
				5B4E59A02B49875C00BEE22E /* RestaurantSearchViewModel.swift in Sources */,
				5B4E59942B49493100BEE22E /* HttpError.swift in Sources */,
				5B4E598C2B49488500BEE22E /* RestaurantListView.swift in Sources */,
				5B4E59882B49473400BEE22E /* MockedRestaurantRepository.swift in Sources */,
				5B4E598B2B49488100BEE22E /* Constants.swift in Sources */,
				5B4E598E2B4948B800BEE22E /* Restaurant+SampleData.swift in Sources */,
				5B4E599D2B4986A500BEE22E /* RestaurantSearchResultViewModel.swift in Sources */,
				5B4E59922B49491E00BEE22E /* RestaurantDetailView.swift in Sources */,
				5B4E59902B4948F800BEE22E /* HpGourmetSearchAPIResult.swift in Sources */,
				5B4E59892B49487900BEE22E /* RestaurantSearchApp.swift in Sources */,
				5B3C20DB2ACAFD250001096E /* RestaurantSearchTests.swift in Sources */,
				5B4E598D2B49489900BEE22E /* Restaurant.swift in Sources */,
				5B4E59932B49492100BEE22E /* RestaurantMapView.swift in Sources */,
				5B4E598F2B4948F500BEE22E /* HpGourmetSearchAPIResponse.swift in Sources */,
				5B4E59992B49823800BEE22E /* RestaurantSearchViewTests.swift in Sources */,
			);
			runOnlyForDeploymentPostprocessing = 0;
		};
		5B3C20DC2ACAFD250001096E /* Sources */ = {
			isa = PBXSourcesBuildPhase;
			buildActionMask = 2147483647;
			files = (
				5B3C20E52ACAFD250001096E /* RestaurantSearchUITests.swift in Sources */,
				5B3C20E72ACAFD250001096E /* RestaurantSearchUITestsLaunchTests.swift in Sources */,
			);
			runOnlyForDeploymentPostprocessing = 0;
		};
/* End PBXSourcesBuildPhase section */

/* Begin PBXTargetDependency section */
		5B3C20D82ACAFD250001096E /* PBXTargetDependency */ = {
			isa = PBXTargetDependency;
			target = 5B3C20C52ACAFD220001096E /* RestaurantSearch */;
			targetProxy = 5B3C20D72ACAFD250001096E /* PBXContainerItemProxy */;
		};
		5B3C20E22ACAFD250001096E /* PBXTargetDependency */ = {
			isa = PBXTargetDependency;
			target = 5B3C20C52ACAFD220001096E /* RestaurantSearch */;
			targetProxy = 5B3C20E12ACAFD250001096E /* PBXContainerItemProxy */;
		};
/* End PBXTargetDependency section */

/* Begin XCBuildConfiguration section */
		5B3C20E82ACAFD250001096E /* Debug */ = {
			isa = XCBuildConfiguration;
			buildSettings = {
				ALWAYS_SEARCH_USER_PATHS = NO;
				ASSETCATALOG_COMPILER_GENERATE_SWIFT_ASSET_SYMBOL_EXTENSIONS = YES;
				CLANG_ANALYZER_NONNULL = YES;
				CLANG_ANALYZER_NUMBER_OBJECT_CONVERSION = YES_AGGRESSIVE;
				CLANG_CXX_LANGUAGE_STANDARD = "gnu++20";
				CLANG_ENABLE_MODULES = YES;
				CLANG_ENABLE_OBJC_ARC = YES;
				CLANG_ENABLE_OBJC_WEAK = YES;
				CLANG_WARN_BLOCK_CAPTURE_AUTORELEASING = YES;
				CLANG_WARN_BOOL_CONVERSION = YES;
				CLANG_WARN_COMMA = YES;
				CLANG_WARN_CONSTANT_CONVERSION = YES;
				CLANG_WARN_DEPRECATED_OBJC_IMPLEMENTATIONS = YES;
				CLANG_WARN_DIRECT_OBJC_ISA_USAGE = YES_ERROR;
				CLANG_WARN_DOCUMENTATION_COMMENTS = YES;
				CLANG_WARN_EMPTY_BODY = YES;
				CLANG_WARN_ENUM_CONVERSION = YES;
				CLANG_WARN_INFINITE_RECURSION = YES;
				CLANG_WARN_INT_CONVERSION = YES;
				CLANG_WARN_NON_LITERAL_NULL_CONVERSION = YES;
				CLANG_WARN_OBJC_IMPLICIT_RETAIN_SELF = YES;
				CLANG_WARN_OBJC_LITERAL_CONVERSION = YES;
				CLANG_WARN_OBJC_ROOT_CLASS = YES_ERROR;
				CLANG_WARN_QUOTED_INCLUDE_IN_FRAMEWORK_HEADER = YES;
				CLANG_WARN_RANGE_LOOP_ANALYSIS = YES;
				CLANG_WARN_STRICT_PROTOTYPES = YES;
				CLANG_WARN_SUSPICIOUS_MOVE = YES;
				CLANG_WARN_UNGUARDED_AVAILABILITY = YES_AGGRESSIVE;
				CLANG_WARN_UNREACHABLE_CODE = YES;
				CLANG_WARN__DUPLICATE_METHOD_MATCH = YES;
				COPY_PHASE_STRIP = NO;
				DEBUG_INFORMATION_FORMAT = dwarf;
				ENABLE_STRICT_OBJC_MSGSEND = YES;
				ENABLE_TESTABILITY = YES;
				ENABLE_USER_SCRIPT_SANDBOXING = YES;
				GCC_C_LANGUAGE_STANDARD = gnu17;
				GCC_DYNAMIC_NO_PIC = NO;
				GCC_NO_COMMON_BLOCKS = YES;
				GCC_OPTIMIZATION_LEVEL = 0;
				GCC_PREPROCESSOR_DEFINITIONS = (
					"DEBUG=1",
					"$(inherited)",
				);
				GCC_WARN_64_TO_32_BIT_CONVERSION = YES;
				GCC_WARN_ABOUT_RETURN_TYPE = YES_ERROR;
				GCC_WARN_UNDECLARED_SELECTOR = YES;
				GCC_WARN_UNINITIALIZED_AUTOS = YES_AGGRESSIVE;
				GCC_WARN_UNUSED_FUNCTION = YES;
				GCC_WARN_UNUSED_VARIABLE = YES;
				IPHONEOS_DEPLOYMENT_TARGET = 17.0;
				LOCALIZATION_PREFERS_STRING_CATALOGS = YES;
				MTL_ENABLE_DEBUG_INFO = INCLUDE_SOURCE;
				MTL_FAST_MATH = YES;
				ONLY_ACTIVE_ARCH = YES;
				SDKROOT = iphoneos;
				SWIFT_ACTIVE_COMPILATION_CONDITIONS = "DEBUG $(inherited)";
				SWIFT_OPTIMIZATION_LEVEL = "-Onone";
			};
			name = Debug;
		};
		5B3C20E92ACAFD250001096E /* Release */ = {
			isa = XCBuildConfiguration;
			buildSettings = {
				ALWAYS_SEARCH_USER_PATHS = NO;
				ASSETCATALOG_COMPILER_GENERATE_SWIFT_ASSET_SYMBOL_EXTENSIONS = YES;
				CLANG_ANALYZER_NONNULL = YES;
				CLANG_ANALYZER_NUMBER_OBJECT_CONVERSION = YES_AGGRESSIVE;
				CLANG_CXX_LANGUAGE_STANDARD = "gnu++20";
				CLANG_ENABLE_MODULES = YES;
				CLANG_ENABLE_OBJC_ARC = YES;
				CLANG_ENABLE_OBJC_WEAK = YES;
				CLANG_WARN_BLOCK_CAPTURE_AUTORELEASING = YES;
				CLANG_WARN_BOOL_CONVERSION = YES;
				CLANG_WARN_COMMA = YES;
				CLANG_WARN_CONSTANT_CONVERSION = YES;
				CLANG_WARN_DEPRECATED_OBJC_IMPLEMENTATIONS = YES;
				CLANG_WARN_DIRECT_OBJC_ISA_USAGE = YES_ERROR;
				CLANG_WARN_DOCUMENTATION_COMMENTS = YES;
				CLANG_WARN_EMPTY_BODY = YES;
				CLANG_WARN_ENUM_CONVERSION = YES;
				CLANG_WARN_INFINITE_RECURSION = YES;
				CLANG_WARN_INT_CONVERSION = YES;
				CLANG_WARN_NON_LITERAL_NULL_CONVERSION = YES;
				CLANG_WARN_OBJC_IMPLICIT_RETAIN_SELF = YES;
				CLANG_WARN_OBJC_LITERAL_CONVERSION = YES;
				CLANG_WARN_OBJC_ROOT_CLASS = YES_ERROR;
				CLANG_WARN_QUOTED_INCLUDE_IN_FRAMEWORK_HEADER = YES;
				CLANG_WARN_RANGE_LOOP_ANALYSIS = YES;
				CLANG_WARN_STRICT_PROTOTYPES = YES;
				CLANG_WARN_SUSPICIOUS_MOVE = YES;
				CLANG_WARN_UNGUARDED_AVAILABILITY = YES_AGGRESSIVE;
				CLANG_WARN_UNREACHABLE_CODE = YES;
				CLANG_WARN__DUPLICATE_METHOD_MATCH = YES;
				COPY_PHASE_STRIP = NO;
				DEBUG_INFORMATION_FORMAT = "dwarf-with-dsym";
				ENABLE_NS_ASSERTIONS = NO;
				ENABLE_STRICT_OBJC_MSGSEND = YES;
				ENABLE_USER_SCRIPT_SANDBOXING = YES;
				GCC_C_LANGUAGE_STANDARD = gnu17;
				GCC_NO_COMMON_BLOCKS = YES;
				GCC_WARN_64_TO_32_BIT_CONVERSION = YES;
				GCC_WARN_ABOUT_RETURN_TYPE = YES_ERROR;
				GCC_WARN_UNDECLARED_SELECTOR = YES;
				GCC_WARN_UNINITIALIZED_AUTOS = YES_AGGRESSIVE;
				GCC_WARN_UNUSED_FUNCTION = YES;
				GCC_WARN_UNUSED_VARIABLE = YES;
				IPHONEOS_DEPLOYMENT_TARGET = 17.0;
				LOCALIZATION_PREFERS_STRING_CATALOGS = YES;
				MTL_ENABLE_DEBUG_INFO = NO;
				MTL_FAST_MATH = YES;
				SDKROOT = iphoneos;
				SWIFT_COMPILATION_MODE = wholemodule;
				VALIDATE_PRODUCT = YES;
			};
			name = Release;
		};
		5B3C20EB2ACAFD250001096E /* Debug */ = {
			isa = XCBuildConfiguration;
			buildSettings = {
				ASSETCATALOG_COMPILER_APPICON_NAME = AppIcon;
				ASSETCATALOG_COMPILER_GLOBAL_ACCENT_COLOR_NAME = AccentColor;
				CODE_SIGN_STYLE = Automatic;
				CURRENT_PROJECT_VERSION = 1;
				DEVELOPMENT_ASSET_PATHS = "\"RestaurantSearch/Preview Content\"";
				ENABLE_PREVIEWS = YES;
				GENERATE_INFOPLIST_FILE = YES;
				HP_GOURMET_SEARCH_API_URL = "$(inherited)";
				INFOPLIST_FILE = RestaurantSearch/Info.plist;
				INFOPLIST_KEY_UIApplicationSceneManifest_Generation = YES;
				INFOPLIST_KEY_UIApplicationSupportsIndirectInputEvents = YES;
				INFOPLIST_KEY_UILaunchScreen_Generation = YES;
				INFOPLIST_KEY_UISupportedInterfaceOrientations_iPad = "UIInterfaceOrientationPortrait UIInterfaceOrientationPortraitUpsideDown UIInterfaceOrientationLandscapeLeft UIInterfaceOrientationLandscapeRight";
				INFOPLIST_KEY_UISupportedInterfaceOrientations_iPhone = "UIInterfaceOrientationPortrait UIInterfaceOrientationLandscapeLeft UIInterfaceOrientationLandscapeRight";
				LD_RUNPATH_SEARCH_PATHS = (
					"$(inherited)",
					"@executable_path/Frameworks",
				);
				MARKETING_VERSION = 1.0;
				PRODUCT_BUNDLE_IDENTIFIER = "jp.zyyx.t-watanabe.RestaurantSearch";
				PRODUCT_NAME = "$(TARGET_NAME)";
				SWIFT_EMIT_LOC_STRINGS = YES;
				SWIFT_VERSION = 5.0;
				TARGETED_DEVICE_FAMILY = "1,2";
			};
			name = Debug;
		};
		5B3C20EC2ACAFD250001096E /* Release */ = {
			isa = XCBuildConfiguration;
			buildSettings = {
				ASSETCATALOG_COMPILER_APPICON_NAME = AppIcon;
				ASSETCATALOG_COMPILER_GLOBAL_ACCENT_COLOR_NAME = AccentColor;
				CODE_SIGN_STYLE = Automatic;
				CURRENT_PROJECT_VERSION = 1;
				DEVELOPMENT_ASSET_PATHS = "\"RestaurantSearch/Preview Content\"";
				ENABLE_PREVIEWS = YES;
				GENERATE_INFOPLIST_FILE = YES;
				HP_GOURMET_SEARCH_API_URL = "$(inherit)";
				INFOPLIST_FILE = RestaurantSearch/Info.plist;
				INFOPLIST_KEY_UIApplicationSceneManifest_Generation = YES;
				INFOPLIST_KEY_UIApplicationSupportsIndirectInputEvents = YES;
				INFOPLIST_KEY_UILaunchScreen_Generation = YES;
				INFOPLIST_KEY_UISupportedInterfaceOrientations_iPad = "UIInterfaceOrientationPortrait UIInterfaceOrientationPortraitUpsideDown UIInterfaceOrientationLandscapeLeft UIInterfaceOrientationLandscapeRight";
				INFOPLIST_KEY_UISupportedInterfaceOrientations_iPhone = "UIInterfaceOrientationPortrait UIInterfaceOrientationLandscapeLeft UIInterfaceOrientationLandscapeRight";
				LD_RUNPATH_SEARCH_PATHS = (
					"$(inherited)",
					"@executable_path/Frameworks",
				);
				MARKETING_VERSION = 1.0;
				PRODUCT_BUNDLE_IDENTIFIER = "jp.zyyx.t-watanabe.RestaurantSearch";
				PRODUCT_NAME = "$(TARGET_NAME)";
				SWIFT_EMIT_LOC_STRINGS = YES;
				SWIFT_VERSION = 5.0;
				TARGETED_DEVICE_FAMILY = "1,2";
			};
			name = Release;
		};
		5B3C20EE2ACAFD250001096E /* Debug */ = {
			isa = XCBuildConfiguration;
			buildSettings = {
				ALWAYS_EMBED_SWIFT_STANDARD_LIBRARIES = YES;
				BUNDLE_LOADER = "$(TEST_HOST)";
				CODE_SIGN_STYLE = Automatic;
				CURRENT_PROJECT_VERSION = 1;
				GENERATE_INFOPLIST_FILE = YES;
				IPHONEOS_DEPLOYMENT_TARGET = 17.0;
				MARKETING_VERSION = 1.0;
				PRODUCT_BUNDLE_IDENTIFIER = "jp.zyyx.t-watanabe.RestaurantSearchTests";
				PRODUCT_NAME = "$(TARGET_NAME)";
				SWIFT_EMIT_LOC_STRINGS = NO;
				SWIFT_VERSION = 5.0;
				TARGETED_DEVICE_FAMILY = "1,2";
				TEST_HOST = "$(BUILT_PRODUCTS_DIR)/RestaurantSearch.app/$(BUNDLE_EXECUTABLE_FOLDER_PATH)/RestaurantSearch";
			};
			name = Debug;
		};
		5B3C20EF2ACAFD250001096E /* Release */ = {
			isa = XCBuildConfiguration;
			buildSettings = {
				ALWAYS_EMBED_SWIFT_STANDARD_LIBRARIES = YES;
				BUNDLE_LOADER = "$(TEST_HOST)";
				CODE_SIGN_STYLE = Automatic;
				CURRENT_PROJECT_VERSION = 1;
				GENERATE_INFOPLIST_FILE = YES;
				IPHONEOS_DEPLOYMENT_TARGET = 17.0;
				MARKETING_VERSION = 1.0;
				PRODUCT_BUNDLE_IDENTIFIER = "jp.zyyx.t-watanabe.RestaurantSearchTests";
				PRODUCT_NAME = "$(TARGET_NAME)";
				SWIFT_EMIT_LOC_STRINGS = NO;
				SWIFT_VERSION = 5.0;
				TARGETED_DEVICE_FAMILY = "1,2";
				TEST_HOST = "$(BUILT_PRODUCTS_DIR)/RestaurantSearch.app/$(BUNDLE_EXECUTABLE_FOLDER_PATH)/RestaurantSearch";
			};
			name = Release;
		};
		5B3C20F12ACAFD250001096E /* Debug */ = {
			isa = XCBuildConfiguration;
			buildSettings = {
				ALWAYS_EMBED_SWIFT_STANDARD_LIBRARIES = YES;
				CODE_SIGN_STYLE = Automatic;
				CURRENT_PROJECT_VERSION = 1;
				GENERATE_INFOPLIST_FILE = YES;
				MARKETING_VERSION = 1.0;
				PRODUCT_BUNDLE_IDENTIFIER = "jp.zyyx.t-watanabe.RestaurantSearchUITests";
				PRODUCT_NAME = "$(TARGET_NAME)";
				SWIFT_EMIT_LOC_STRINGS = NO;
				SWIFT_VERSION = 5.0;
				TARGETED_DEVICE_FAMILY = "1,2";
				TEST_TARGET_NAME = RestaurantSearch;
			};
			name = Debug;
		};
		5B3C20F22ACAFD250001096E /* Release */ = {
			isa = XCBuildConfiguration;
			buildSettings = {
				ALWAYS_EMBED_SWIFT_STANDARD_LIBRARIES = YES;
				CODE_SIGN_STYLE = Automatic;
				CURRENT_PROJECT_VERSION = 1;
				GENERATE_INFOPLIST_FILE = YES;
				MARKETING_VERSION = 1.0;
				PRODUCT_BUNDLE_IDENTIFIER = "jp.zyyx.t-watanabe.RestaurantSearchUITests";
				PRODUCT_NAME = "$(TARGET_NAME)";
				SWIFT_EMIT_LOC_STRINGS = NO;
				SWIFT_VERSION = 5.0;
				TARGETED_DEVICE_FAMILY = "1,2";
				TEST_TARGET_NAME = RestaurantSearch;
			};
			name = Release;
		};
/* End XCBuildConfiguration section */

/* Begin XCConfigurationList section */
		5B3C20C12ACAFD220001096E /* Build configuration list for PBXProject "RestaurantSearch" */ = {
			isa = XCConfigurationList;
			buildConfigurations = (
				5B3C20E82ACAFD250001096E /* Debug */,
				5B3C20E92ACAFD250001096E /* Release */,
			);
			defaultConfigurationIsVisible = 0;
			defaultConfigurationName = Release;
		};
		5B3C20EA2ACAFD250001096E /* Build configuration list for PBXNativeTarget "RestaurantSearch" */ = {
			isa = XCConfigurationList;
			buildConfigurations = (
				5B3C20EB2ACAFD250001096E /* Debug */,
				5B3C20EC2ACAFD250001096E /* Release */,
			);
			defaultConfigurationIsVisible = 0;
			defaultConfigurationName = Release;
		};
		5B3C20ED2ACAFD250001096E /* Build configuration list for PBXNativeTarget "RestaurantSearchTests" */ = {
			isa = XCConfigurationList;
			buildConfigurations = (
				5B3C20EE2ACAFD250001096E /* Debug */,
				5B3C20EF2ACAFD250001096E /* Release */,
			);
			defaultConfigurationIsVisible = 0;
			defaultConfigurationName = Release;
		};
		5B3C20F02ACAFD250001096E /* Build configuration list for PBXNativeTarget "RestaurantSearchUITests" */ = {
			isa = XCConfigurationList;
			buildConfigurations = (
				5B3C20F12ACAFD250001096E /* Debug */,
				5B3C20F22ACAFD250001096E /* Release */,
			);
			defaultConfigurationIsVisible = 0;
			defaultConfigurationName = Release;
		};
/* End XCConfigurationList section */
	};
	rootObject = 5B3C20BE2ACAFD220001096E /* Project object */;
}
